
Microsoft Visual Studio Solution File, Format Version 12.00
# Visual Studio Version 16
VisualStudioVersion = 16.0.31424.327
MinimumVisualStudioVersion = 10.0.40219.1
Project("{9A19103F-16F7-4668-BE54-9A1E7A4F7556}") = "Client", "Client\Client.csproj", "{ADC99FEB-85D1-45C8-834B-86745BDF5BA7}"
EndProject
Project("{FAE04EC0-301F-11D3-BF4B-00C04F79EFBC}") = "Server", "Server\Server.csproj", "{F9E09C67-2F17-4306-8161-E590EFDFF5E8}"
EndProject
Global
	GlobalSection(SolutionConfigurationPlatforms) = preSolution
		Debug|Any CPU = Debug|Any CPU
		Release|Any CPU = Release|Any CPU
	EndGlobalSection
	GlobalSection(ProjectConfigurationPlatforms) = postSolution
		{ADC99FEB-85D1-45C8-834B-86745BDF5BA7}.Debug|Any CPU.ActiveCfg = Debug|Any CPU
		{ADC99FEB-85D1-45C8-834B-86745BDF5BA7}.Debug|Any CPU.Build.0 = Debug|Any CPU
		{ADC99FEB-85D1-45C8-834B-86745BDF5BA7}.Release|Any CPU.ActiveCfg = Release|Any CPU
		{ADC99FEB-85D1-45C8-834B-86745BDF5BA7}.Release|Any CPU.Build.0 = Release|Any CPU
		{F9E09C67-2F17-4306-8161-E590EFDFF5E8}.Debug|Any CPU.ActiveCfg = Debug|Any CPU
		{F9E09C67-2F17-4306-8161-E590EFDFF5E8}.Debug|Any CPU.Build.0 = Debug|Any CPU
		{F9E09C67-2F17-4306-8161-E590EFDFF5E8}.Release|Any CPU.ActiveCfg = Release|Any CPU
		{F9E09C67-2F17-4306-8161-E590EFDFF5E8}.Release|Any CPU.Build.0 = Release|Any CPU
	EndGlobalSection
	GlobalSection(SolutionProperties) = preSolution
		HideSolutionNode = FALSE
	EndGlobalSection
	GlobalSection(ExtensibilityGlobals) = postSolution
		SolutionGuid = {EFB14C1C-7093-415B-BC75-DC634740F983}
	EndGlobalSection
EndGlobal
