
Microsoft Visual Studio Solution File, Format Version 12.00
# Visual Studio Version 16
VisualStudioVersion = 16.0.31424.327
MinimumVisualStudioVersion = 10.0.40219.1
Project("{FAE04EC0-301F-11D3-BF4B-00C04F79EFBC}") = "Shop", "Shop.csproj", "{9E588160-D9C3-4722-9BD2-326560FA93F1}"
EndProject
Global
	GlobalSection(SolutionConfigurationPlatforms) = preSolution
		Debug|Any CPU = Debug|Any CPU
		Release|Any CPU = Release|Any CPU
	EndGlobalSection
	GlobalSection(ProjectConfigurationPlatforms) = postSolution
		{9E588160-D9C3-4722-9BD2-326560FA93F1}.Debug|Any CPU.ActiveCfg = Debug|Any CPU
		{9E588160-D9C3-4722-9BD2-326560FA93F1}.Debug|Any CPU.Build.0 = Debug|Any CPU
		{9E588160-D9C3-4722-9BD2-326560FA93F1}.Release|Any CPU.ActiveCfg = Release|Any CPU
		{9E588160-D9C3-4722-9BD2-326560FA93F1}.Release|Any CPU.Build.0 = Release|Any CPU
	EndGlobalSection
	GlobalSection(SolutionProperties) = preSolution
		HideSolutionNode = FALSE
	EndGlobalSection
	GlobalSection(ExtensibilityGlobals) = postSolution
		SolutionGuid = {4573783D-86DE-4F4E-B341-623CDD9BC373}
	EndGlobalSection
EndGlobal
