
Microsoft Visual Studio Solution File, Format Version 12.00
# Visual Studio Version 16
VisualStudioVersion = 16.0.31424.327
MinimumVisualStudioVersion = 10.0.40219.1
Project("{FAE04EC0-301F-11D3-BF4B-00C04F79EFBC}") = "AssemblyApplication", "AssemblyApplication.csproj", "{8BC782E0-307D-4DCC-A415-E1199D40C8D8}"
EndProject
Project("{FAE04EC0-301F-11D3-BF4B-00C04F79EFBC}") = "BaseLibrary", "..\BaseLibrary\BaseLibrary.csproj", "{20AE6886-DADA-41F2-B9E7-39E4213613B8}"
EndProject
Global
	GlobalSection(SolutionConfigurationPlatforms) = preSolution
		Debug|Any CPU = Debug|Any CPU
		Release|Any CPU = Release|Any CPU
	EndGlobalSection
	GlobalSection(ProjectConfigurationPlatforms) = postSolution
		{8BC782E0-307D-4DCC-A415-E1199D40C8D8}.Debug|Any CPU.ActiveCfg = Debug|Any CPU
		{8BC782E0-307D-4DCC-A415-E1199D40C8D8}.Debug|Any CPU.Build.0 = Debug|Any CPU
		{8BC782E0-307D-4DCC-A415-E1199D40C8D8}.Release|Any CPU.ActiveCfg = Release|Any CPU
		{8BC782E0-307D-4DCC-A415-E1199D40C8D8}.Release|Any CPU.Build.0 = Release|Any CPU
		{20AE6886-DADA-41F2-B9E7-39E4213613B8}.Debug|Any CPU.ActiveCfg = Debug|Any CPU
		{20AE6886-DADA-41F2-B9E7-39E4213613B8}.Debug|Any CPU.Build.0 = Debug|Any CPU
		{20AE6886-DADA-41F2-B9E7-39E4213613B8}.Release|Any CPU.ActiveCfg = Release|Any CPU
		{20AE6886-DADA-41F2-B9E7-39E4213613B8}.Release|Any CPU.Build.0 = Release|Any CPU
	EndGlobalSection
	GlobalSection(SolutionProperties) = preSolution
		HideSolutionNode = FALSE
	EndGlobalSection
	GlobalSection(ExtensibilityGlobals) = postSolution
		SolutionGuid = {89E03F24-4E8A-45E2-BB5B-674BC264AACF}
	EndGlobalSection
EndGlobal
