
Microsoft Visual Studio Solution File, Format Version 12.00
# Visual Studio Version 16
VisualStudioVersion = 16.0.31424.327
MinimumVisualStudioVersion = 10.0.40219.1
Project("{FAE04EC0-301F-11D3-BF4B-00C04F79EFBC}") = "ThreadWPFApplication", "ThreadWPFApplication.csproj", "{352E657F-7739-42E6-94E0-F8B980673C8D}"
EndProject
Global
	GlobalSection(SolutionConfigurationPlatforms) = preSolution
		Debug|Any CPU = Debug|Any CPU
		Release|Any CPU = Release|Any CPU
	EndGlobalSection
	GlobalSection(ProjectConfigurationPlatforms) = postSolution
		{352E657F-7739-42E6-94E0-F8B980673C8D}.Debug|Any CPU.ActiveCfg = Debug|Any CPU
		{352E657F-7739-42E6-94E0-F8B980673C8D}.Debug|Any CPU.Build.0 = Debug|Any CPU
		{352E657F-7739-42E6-94E0-F8B980673C8D}.Release|Any CPU.ActiveCfg = Release|Any CPU
		{352E657F-7739-42E6-94E0-F8B980673C8D}.Release|Any CPU.Build.0 = Release|Any CPU
	EndGlobalSection
	GlobalSection(SolutionProperties) = preSolution
		HideSolutionNode = FALSE
	EndGlobalSection
	GlobalSection(ExtensibilityGlobals) = postSolution
		SolutionGuid = {0F6B77C7-F120-4F56-9BF3-25692DD32203}
	EndGlobalSection
EndGlobal
