
Microsoft Visual Studio Solution File, Format Version 12.00
# Visual Studio Version 16
VisualStudioVersion = 16.0.31424.327
MinimumVisualStudioVersion = 10.0.40219.1
Project("{FAE04EC0-301F-11D3-BF4B-00C04F79EFBC}") = "CopyFileApp", "CopyFileApp.csproj", "{8400E8D3-7EA0-4E19-8A4A-71E58A9CDD6B}"
EndProject
Global
	GlobalSection(SolutionConfigurationPlatforms) = preSolution
		Debug|Any CPU = Debug|Any CPU
		Release|Any CPU = Release|Any CPU
	EndGlobalSection
	GlobalSection(ProjectConfigurationPlatforms) = postSolution
		{8400E8D3-7EA0-4E19-8A4A-71E58A9CDD6B}.Debug|Any CPU.ActiveCfg = Debug|Any CPU
		{8400E8D3-7EA0-4E19-8A4A-71E58A9CDD6B}.Debug|Any CPU.Build.0 = Debug|Any CPU
		{8400E8D3-7EA0-4E19-8A4A-71E58A9CDD6B}.Release|Any CPU.ActiveCfg = Release|Any CPU
		{8400E8D3-7EA0-4E19-8A4A-71E58A9CDD6B}.Release|Any CPU.Build.0 = Release|Any CPU
	EndGlobalSection
	GlobalSection(SolutionProperties) = preSolution
		HideSolutionNode = FALSE
	EndGlobalSection
	GlobalSection(ExtensibilityGlobals) = postSolution
		SolutionGuid = {010520D8-BF2E-46C2-99A3-4BE2447DCC7B}
	EndGlobalSection
EndGlobal
