
Microsoft Visual Studio Solution File, Format Version 12.00
# Visual Studio Version 16
VisualStudioVersion = 16.0.31424.327
MinimumVisualStudioVersion = 10.0.40219.1
Project("{9A19103F-16F7-4668-BE54-9A1E7A4F7556}") = "ProcessesApplication", "ProcessesApplication\ProcessesApplication.csproj", "{6AA1B2E5-74EC-4380-841F-6C8E60DCA609}"
EndProject
Global
	GlobalSection(SolutionConfigurationPlatforms) = preSolution
		Debug|Any CPU = Debug|Any CPU
		Release|Any CPU = Release|Any CPU
	EndGlobalSection
	GlobalSection(ProjectConfigurationPlatforms) = postSolution
		{6AA1B2E5-74EC-4380-841F-6C8E60DCA609}.Debug|Any CPU.ActiveCfg = Debug|Any CPU
		{6AA1B2E5-74EC-4380-841F-6C8E60DCA609}.Debug|Any CPU.Build.0 = Debug|Any CPU
		{6AA1B2E5-74EC-4380-841F-6C8E60DCA609}.Release|Any CPU.ActiveCfg = Release|Any CPU
		{6AA1B2E5-74EC-4380-841F-6C8E60DCA609}.Release|Any CPU.Build.0 = Release|Any CPU
	EndGlobalSection
	GlobalSection(SolutionProperties) = preSolution
		HideSolutionNode = FALSE
	EndGlobalSection
	GlobalSection(ExtensibilityGlobals) = postSolution
		SolutionGuid = {DFCD7112-4DE3-474B-9C48-390CFD7AEE06}
	EndGlobalSection
EndGlobal
