
Microsoft Visual Studio Solution File, Format Version 12.00
# Visual Studio Version 16
VisualStudioVersion = 16.0.31424.327
MinimumVisualStudioVersion = 10.0.40219.1
Project("{FAE04EC0-301F-11D3-BF4B-00C04F79EFBC}") = "Server", "Server\Server.csproj", "{37B8577A-13AC-4833-A2ED-23F05FB5513A}"
EndProject
Project("{FAE04EC0-301F-11D3-BF4B-00C04F79EFBC}") = "Client", "Client\Client.csproj", "{D1AF701F-CFE7-47E0-B962-C39DCE815481}"
EndProject
Global
	GlobalSection(SolutionConfigurationPlatforms) = preSolution
		Debug|Any CPU = Debug|Any CPU
		Release|Any CPU = Release|Any CPU
	EndGlobalSection
	GlobalSection(ProjectConfigurationPlatforms) = postSolution
		{37B8577A-13AC-4833-A2ED-23F05FB5513A}.Debug|Any CPU.ActiveCfg = Debug|Any CPU
		{37B8577A-13AC-4833-A2ED-23F05FB5513A}.Debug|Any CPU.Build.0 = Debug|Any CPU
		{37B8577A-13AC-4833-A2ED-23F05FB5513A}.Release|Any CPU.ActiveCfg = Release|Any CPU
		{37B8577A-13AC-4833-A2ED-23F05FB5513A}.Release|Any CPU.Build.0 = Release|Any CPU
		{D1AF701F-CFE7-47E0-B962-C39DCE815481}.Debug|Any CPU.ActiveCfg = Debug|Any CPU
		{D1AF701F-CFE7-47E0-B962-C39DCE815481}.Debug|Any CPU.Build.0 = Debug|Any CPU
		{D1AF701F-CFE7-47E0-B962-C39DCE815481}.Release|Any CPU.ActiveCfg = Release|Any CPU
		{D1AF701F-CFE7-47E0-B962-C39DCE815481}.Release|Any CPU.Build.0 = Release|Any CPU
	EndGlobalSection
	GlobalSection(SolutionProperties) = preSolution
		HideSolutionNode = FALSE
	EndGlobalSection
	GlobalSection(ExtensibilityGlobals) = postSolution
		SolutionGuid = {17665826-5902-48CC-ADA8-730D7D1A1927}
	EndGlobalSection
EndGlobal
