
Microsoft Visual Studio Solution File, Format Version 12.00
# Visual Studio Version 17
VisualStudioVersion = 17.1.32210.238
MinimumVisualStudioVersion = 10.0.40219.1
Project("{FAE04EC0-301F-11D3-BF4B-00C04F79EFBC}") = "FTPClientApp", "FTPClientApp\FTPClientApp.csproj", "{FFEFBB5A-F134-4435-8B93-13CF273A11B7}"
EndProject
Global
	GlobalSection(SolutionConfigurationPlatforms) = preSolution
		Debug|Any CPU = Debug|Any CPU
		Release|Any CPU = Release|Any CPU
	EndGlobalSection
	GlobalSection(ProjectConfigurationPlatforms) = postSolution
		{FFEFBB5A-F134-4435-8B93-13CF273A11B7}.Debug|Any CPU.ActiveCfg = Debug|Any CPU
		{FFEFBB5A-F134-4435-8B93-13CF273A11B7}.Debug|Any CPU.Build.0 = Debug|Any CPU
		{FFEFBB5A-F134-4435-8B93-13CF273A11B7}.Release|Any CPU.ActiveCfg = Release|Any CPU
		{FFEFBB5A-F134-4435-8B93-13CF273A11B7}.Release|Any CPU.Build.0 = Release|Any CPU
	EndGlobalSection
	GlobalSection(SolutionProperties) = preSolution
		HideSolutionNode = FALSE
	EndGlobalSection
	GlobalSection(ExtensibilityGlobals) = postSolution
		SolutionGuid = {B44362FC-8104-404C-BB78-80ECB513C828}
	EndGlobalSection
EndGlobal
