
Microsoft Visual Studio Solution File, Format Version 12.00
# Visual Studio Version 16
VisualStudioVersion = 16.0.31424.327
MinimumVisualStudioVersion = 10.0.40219.1
Project("{FAE04EC0-301F-11D3-BF4B-00C04F79EFBC}") = "ShopApplication", "ShopApplication.csproj", "{7ED912BE-E7CA-416E-93A9-12F817D1111A}"
EndProject
Global
	GlobalSection(SolutionConfigurationPlatforms) = preSolution
		Debug|Any CPU = Debug|Any CPU
		Release|Any CPU = Release|Any CPU
	EndGlobalSection
	GlobalSection(ProjectConfigurationPlatforms) = postSolution
		{7ED912BE-E7CA-416E-93A9-12F817D1111A}.Debug|Any CPU.ActiveCfg = Debug|Any CPU
		{7ED912BE-E7CA-416E-93A9-12F817D1111A}.Debug|Any CPU.Build.0 = Debug|Any CPU
		{7ED912BE-E7CA-416E-93A9-12F817D1111A}.Release|Any CPU.ActiveCfg = Release|Any CPU
		{7ED912BE-E7CA-416E-93A9-12F817D1111A}.Release|Any CPU.Build.0 = Release|Any CPU
	EndGlobalSection
	GlobalSection(SolutionProperties) = preSolution
		HideSolutionNode = FALSE
	EndGlobalSection
	GlobalSection(ExtensibilityGlobals) = postSolution
		SolutionGuid = {77778C26-E520-430F-98EC-546BB81D7561}
	EndGlobalSection
EndGlobal
