
Microsoft Visual Studio Solution File, Format Version 12.00
# Visual Studio Version 16
VisualStudioVersion = 16.0.31424.327
MinimumVisualStudioVersion = 10.0.40219.1
Project("{FAE04EC0-301F-11D3-BF4B-00C04F79EFBC}") = "EFCorePlugin", "EFCorePlugin.csproj", "{F436899A-C491-4F4E-85BE-BC8D45EB5299}"
EndProject
Global
	GlobalSection(SolutionConfigurationPlatforms) = preSolution
		Debug|Any CPU = Debug|Any CPU
		Release|Any CPU = Release|Any CPU
	EndGlobalSection
	GlobalSection(ProjectConfigurationPlatforms) = postSolution
		{F436899A-C491-4F4E-85BE-BC8D45EB5299}.Debug|Any CPU.ActiveCfg = Debug|Any CPU
		{F436899A-C491-4F4E-85BE-BC8D45EB5299}.Debug|Any CPU.Build.0 = Debug|Any CPU
		{F436899A-C491-4F4E-85BE-BC8D45EB5299}.Release|Any CPU.ActiveCfg = Release|Any CPU
		{F436899A-C491-4F4E-85BE-BC8D45EB5299}.Release|Any CPU.Build.0 = Release|Any CPU
	EndGlobalSection
	GlobalSection(SolutionProperties) = preSolution
		HideSolutionNode = FALSE
	EndGlobalSection
	GlobalSection(ExtensibilityGlobals) = postSolution
		SolutionGuid = {F08A97ED-8F1F-4AD7-8518-E75FD3D6C437}
	EndGlobalSection
EndGlobal
