
Microsoft Visual Studio Solution File, Format Version 12.00
# Visual Studio Version 16
VisualStudioVersion = 16.0.31424.327
MinimumVisualStudioVersion = 10.0.40219.1
Project("{FAE04EC0-301F-11D3-BF4B-00C04F79EFBC}") = "ThreadPoolApplication", "ThreadPoolApplication.csproj", "{78094421-0AA4-4EEC-8EFB-36CCC0207BBB}"
EndProject
Global
	GlobalSection(SolutionConfigurationPlatforms) = preSolution
		Debug|Any CPU = Debug|Any CPU
		Release|Any CPU = Release|Any CPU
	EndGlobalSection
	GlobalSection(ProjectConfigurationPlatforms) = postSolution
		{78094421-0AA4-4EEC-8EFB-36CCC0207BBB}.Debug|Any CPU.ActiveCfg = Debug|Any CPU
		{78094421-0AA4-4EEC-8EFB-36CCC0207BBB}.Debug|Any CPU.Build.0 = Debug|Any CPU
		{78094421-0AA4-4EEC-8EFB-36CCC0207BBB}.Release|Any CPU.ActiveCfg = Release|Any CPU
		{78094421-0AA4-4EEC-8EFB-36CCC0207BBB}.Release|Any CPU.Build.0 = Release|Any CPU
	EndGlobalSection
	GlobalSection(SolutionProperties) = preSolution
		HideSolutionNode = FALSE
	EndGlobalSection
	GlobalSection(ExtensibilityGlobals) = postSolution
		SolutionGuid = {CF0433DB-EF3B-459C-87B8-CE64ACB116E8}
	EndGlobalSection
EndGlobal
